{
  "name": "platforms",
  "version": "1.0.0",
  "lockfileVersion": 2,
  "requires": true,
  "packages": {
    "": {
      "name": "platforms",
      "version": "1.0.0",
      "license": "ISC",
      "dependencies": {
        "@jigaji/ajs": "^1.0.0"
      }
    },
    "node_modules/@jigaji/ajs": {
      "version": "1.0.0",
      "resolved": "https://npm.pkg.github.com/download/@jigaji/ajs/1.0.0/a14c9bc4953ddb26666a2f8eb4a5e7a39e697c993ed53102eef76ec9951d062a",
      "integrity": "sha512-P2WmzWXIE4ANsqpF0GlAGO//gAdRNTpilrXx/k7SkifQIjqT2SXqcjz2khajH25pvv3GIKjwgUpQ2rATBzLPiQ==",
      "license": "ISC"
    }
  },
  "dependencies": {
    "@jigaji/ajs": {
      "version": "1.0.0",
      "resolved": "https://npm.pkg.github.com/download/@jigaji/ajs/1.0.0/a14c9bc4953ddb26666a2f8eb4a5e7a39e697c993ed53102eef76ec9951d062a",
      "integrity": "sha512-P2WmzWXIE4ANsqpF0GlAGO//gAdRNTpilrXx/k7SkifQIjqT2SXqcjz2khajH25pvv3GIKjwgUpQ2rATBzLPiQ=="
    }
  }
}
